
Microsoft Visual Studio Solution File, Format Version 12.00
# Visual Studio 14
VisualStudioVersion = 14.0.25420.1
MinimumVisualStudioVersion = 10.0.40219.1
Project("{FAE04EC0-301F-11D3-BF4B-00C04F79EFBC}") = "TFSMVC", "TFSMVC\TFSMVC.csproj", "{47A1EAAF-B766-4B62-B0FF-9E2AFCEC82B6}"
EndProject
Project("{FAE04EC0-301F-11D3-BF4B-00C04F79EFBC}") = "TFSLib", "TFSLib\TFSLib.csproj", "{A91D49D8-1601-49ED-8595-7E620F7EE70A}"
EndProject
Global
	GlobalSection(SolutionConfigurationPlatforms) = preSolution
		Debug|Any CPU = Debug|Any CPU
		Release|Any CPU = Release|Any CPU
	EndGlobalSection
	GlobalSection(ProjectConfigurationPlatforms) = postSolution
		{47A1EAAF-B766-4B62-B0FF-9E2AFCEC82B6}.Debug|Any CPU.ActiveCfg = Debug|Any CPU
		{47A1EAAF-B766-4B62-B0FF-9E2AFCEC82B6}.Debug|Any CPU.Build.0 = Debug|Any CPU
		{47A1EAAF-B766-4B62-B0FF-9E2AFCEC82B6}.Release|Any CPU.ActiveCfg = Release|Any CPU
		{47A1EAAF-B766-4B62-B0FF-9E2AFCEC82B6}.Release|Any CPU.Build.0 = Release|Any CPU
		{A91D49D8-1601-49ED-8595-7E620F7EE70A}.Debug|Any CPU.ActiveCfg = Debug|Any CPU
		{A91D49D8-1601-49ED-8595-7E620F7EE70A}.Debug|Any CPU.Build.0 = Debug|Any CPU
		{A91D49D8-1601-49ED-8595-7E620F7EE70A}.Release|Any CPU.ActiveCfg = Release|Any CPU
		{A91D49D8-1601-49ED-8595-7E620F7EE70A}.Release|Any CPU.Build.0 = Release|Any CPU
	EndGlobalSection
	GlobalSection(SolutionProperties) = preSolution
		HideSolutionNode = FALSE
	EndGlobalSection
EndGlobal
